
Microsoft Visual Studio Solution File, Format Version 12.00
# Visual Studio Version 17
VisualStudioVersion = 17.10.35122.118
MinimumVisualStudioVersion = 10.0.40219.1
Project("{9A19103F-16F7-4668-BE54-9A1E7A4F7556}") = "ultramove", "ultramove.csproj", "{417E156D-73B6-408D-B3BF-39E8C25DFEB3}"
EndProject
Global
	GlobalSection(SolutionConfigurationPlatforms) = preSolution
		Debug|Any CPU = Debug|Any CPU
		Release|Any CPU = Release|Any CPU
	EndGlobalSection
	GlobalSection(ProjectConfigurationPlatforms) = postSolution
		{417E156D-73B6-408D-B3BF-39E8C25DFEB3}.Debug|Any CPU.ActiveCfg = Debug|Any CPU
		{417E156D-73B6-408D-B3BF-39E8C25DFEB3}.Debug|Any CPU.Build.0 = Debug|Any CPU
		{417E156D-73B6-408D-B3BF-39E8C25DFEB3}.Release|Any CPU.ActiveCfg = Release|Any CPU
		{417E156D-73B6-408D-B3BF-39E8C25DFEB3}.Release|Any CPU.Build.0 = Release|Any CPU
	EndGlobalSection
	GlobalSection(SolutionProperties) = preSolution
		HideSolutionNode = FALSE
	EndGlobalSection
	GlobalSection(ExtensibilityGlobals) = postSolution
		SolutionGuid = {7D208A9B-70A2-453B-9E42-BD681232A3F8}
	EndGlobalSection
EndGlobal
